// !$*UTF8*$!
{
	archiveVersion = 1;
	classes = {
	};
	objectVersion = 46;
	objects = {

/* Begin PBXBuildFile section */
		33F92F8EDA8C171F8C93FAEB /* Pods_MyApp.framework in Frameworks */ = {isa = PBXBuildFile; fileRef = 0B47339B8218B1553E3B274D /* Pods_MyApp.framework */; };
		D786D7B469DA726C8418EFA4 /* Pods_MyAppUITests.framework in Frameworks */ = {isa = PBXBuildFile; fileRef = A832B571DD039D575286B8C6 /* Pods_MyAppUITests.framework */; };
		E34B0DC31EF2520C0025ABAF /* AppDelegate.swift in Sources */ = {isa = PBXBuildFile; fileRef = E34B0DC21EF2520C0025ABAF /* AppDelegate.swift */; };
		E34B0DC51EF2520C0025ABAF /* LoginViewController.swift in Sources */ = {isa = PBXBuildFile; fileRef = E34B0DC41EF2520C0025ABAF /* LoginViewController.swift */; };
		E34B0DCA1EF2520C0025ABAF /* Assets.xcassets in Resources */ = {isa = PBXBuildFile; fileRef = E34B0DC91EF2520C0025ABAF /* Assets.xcassets */; };
		E34B0DCD1EF2520C0025ABAF /* LaunchScreen.storyboard in Resources */ = {isa = PBXBuildFile; fileRef = E34B0DCB1EF2520C0025ABAF /* LaunchScreen.storyboard */; };
		E34B0DD81EF2520C0025ABAF /* MyAppTests.swift in Sources */ = {isa = PBXBuildFile; fileRef = E34B0DD71EF2520C0025ABAF /* MyAppTests.swift */; };
		E34B0DE31EF2520C0025ABAF /* MyAppUITests.swift in Sources */ = {isa = PBXBuildFile; fileRef = E34B0DE21EF2520C0025ABAF /* MyAppUITests.swift */; };
		E37BEB321F08194D0045E9DD /* UserDefaults+Extensions.swift in Sources */ = {isa = PBXBuildFile; fileRef = E37BEB311F08194D0045E9DD /* UserDefaults+Extensions.swift */; };
		E37BEB361F08199B0045E9DD /* Item.swift in Sources */ = {isa = PBXBuildFile; fileRef = E37BEB351F08199B0045E9DD /* Item.swift */; };
		E37BEB391F083F140045E9DD /* ItemsListViewController.swift in Sources */ = {isa = PBXBuildFile; fileRef = E37BEB381F083F140045E9DD /* ItemsListViewController.swift */; };
		E37BEB3B1F0865A80045E9DD /* Project.swift in Sources */ = {isa = PBXBuildFile; fileRef = E37BEB3A1F0865A80045E9DD /* Project.swift */; };
		E37BEB3D1F0865D80045E9DD /* User.swift in Sources */ = {isa = PBXBuildFile; fileRef = E37BEB3C1F0865D80045E9DD /* User.swift */; };
		E685B699ED0345276B241C76 /* Pods_MyAppTests.framework in Frameworks */ = {isa = PBXBuildFile; fileRef = 9C8166B9AC485B92E74FBFFC /* Pods_MyAppTests.framework */; };
/* End PBXBuildFile section */

/* Begin PBXContainerItemProxy section */
		E34B0DD41EF2520C0025ABAF /* PBXContainerItemProxy */ = {
			isa = PBXContainerItemProxy;
			containerPortal = E34B0DB71EF2520C0025ABAF /* Project object */;
			proxyType = 1;
			remoteGlobalIDString = E34B0DBE1EF2520C0025ABAF;
			remoteInfo = MyApp;
		};
		E34B0DDF1EF2520C0025ABAF /* PBXContainerItemProxy */ = {
			isa = PBXContainerItemProxy;
			containerPortal = E34B0DB71EF2520C0025ABAF /* Project object */;
			proxyType = 1;
			remoteGlobalIDString = E34B0DBE1EF2520C0025ABAF;
			remoteInfo = MyApp;
		};
/* End PBXContainerItemProxy section */

/* Begin PBXFileReference section */
		0B47339B8218B1553E3B274D /* Pods_MyApp.framework */ = {isa = PBXFileReference; explicitFileType = wrapper.framework; includeInIndex = 0; path = Pods_MyApp.framework; sourceTree = BUILT_PRODUCTS_DIR; };
		4D625B5C79B9B628776D5443 /* Pods-MyAppTests.debug.xcconfig */ = {isa = PBXFileReference; includeInIndex = 1; lastKnownFileType = text.xcconfig; name = "Pods-MyAppTests.debug.xcconfig"; path = "Pods/Target Support Files/Pods-MyAppTests/Pods-MyAppTests.debug.xcconfig"; sourceTree = "<group>"; };
		633248DE0DE6A0CBCB51D1C8 /* Pods-MyApp.release.xcconfig */ = {isa = PBXFileReference; includeInIndex = 1; lastKnownFileType = text.xcconfig; name = "Pods-MyApp.release.xcconfig"; path = "Pods/Target Support Files/Pods-MyApp/Pods-MyApp.release.xcconfig"; sourceTree = "<group>"; };
		849E11739BA66C76D7983BE0 /* Pods-MyAppTests.release.xcconfig */ = {isa = PBXFileReference; includeInIndex = 1; lastKnownFileType = text.xcconfig; name = "Pods-MyAppTests.release.xcconfig"; path = "Pods/Target Support Files/Pods-MyAppTests/Pods-MyAppTests.release.xcconfig"; sourceTree = "<group>"; };
		8895819F9FC5616634B2DB8C /* Pods-MyAppUITests.release.xcconfig */ = {isa = PBXFileReference; includeInIndex = 1; lastKnownFileType = text.xcconfig; name = "Pods-MyAppUITests.release.xcconfig"; path = "Pods/Target Support Files/Pods-MyAppUITests/Pods-MyAppUITests.release.xcconfig"; sourceTree = "<group>"; };
		9018727C4AABFF0C4383EEDF /* Pods-MyApp.debug.xcconfig */ = {isa = PBXFileReference; includeInIndex = 1; lastKnownFileType = text.xcconfig; name = "Pods-MyApp.debug.xcconfig"; path = "Pods/Target Support Files/Pods-MyApp/Pods-MyApp.debug.xcconfig"; sourceTree = "<group>"; };
		9C8166B9AC485B92E74FBFFC /* Pods_MyAppTests.framework */ = {isa = PBXFileReference; explicitFileType = wrapper.framework; includeInIndex = 0; path = Pods_MyAppTests.framework; sourceTree = BUILT_PRODUCTS_DIR; };
		A72754AA28E2060737A81F38 /* Pods-MyAppUITests.debug.xcconfig */ = {isa = PBXFileReference; includeInIndex = 1; lastKnownFileType = text.xcconfig; name = "Pods-MyAppUITests.debug.xcconfig"; path = "Pods/Target Support Files/Pods-MyAppUITests/Pods-MyAppUITests.debug.xcconfig"; sourceTree = "<group>"; };
		A832B571DD039D575286B8C6 /* Pods_MyAppUITests.framework */ = {isa = PBXFileReference; explicitFileType = wrapper.framework; includeInIndex = 0; path = Pods_MyAppUITests.framework; sourceTree = BUILT_PRODUCTS_DIR; };
		E34B0DBF1EF2520C0025ABAF /* MyApp.app */ = {isa = PBXFileReference; explicitFileType = wrapper.application; includeInIndex = 0; path = MyApp.app; sourceTree = BUILT_PRODUCTS_DIR; };
		E34B0DC21EF2520C0025ABAF /* AppDelegate.swift */ = {isa = PBXFileReference; lastKnownFileType = sourcecode.swift; path = AppDelegate.swift; sourceTree = "<group>"; };
		E34B0DC41EF2520C0025ABAF /* LoginViewController.swift */ = {isa = PBXFileReference; lastKnownFileType = sourcecode.swift; path = LoginViewController.swift; sourceTree = "<group>"; };
		E34B0DC91EF2520C0025ABAF /* Assets.xcassets */ = {isa = PBXFileReference; lastKnownFileType = folder.assetcatalog; path = Assets.xcassets; sourceTree = "<group>"; };
		E34B0DCC1EF2520C0025ABAF /* Base */ = {isa = PBXFileReference; lastKnownFileType = file.storyboard; name = Base; path = Base.lproj/LaunchScreen.storyboard; sourceTree = "<group>"; };
		E34B0DCE1EF2520C0025ABAF /* Info.plist */ = {isa = PBXFileReference; lastKnownFileType = text.plist.xml; path = Info.plist; sourceTree = "<group>"; };
		E34B0DD31EF2520C0025ABAF /* MyAppTests.xctest */ = {isa = PBXFileReference; explicitFileType = wrapper.cfbundle; includeInIndex = 0; path = MyAppTests.xctest; sourceTree = BUILT_PRODUCTS_DIR; };
		E34B0DD71EF2520C0025ABAF /* MyAppTests.swift */ = {isa = PBXFileReference; lastKnownFileType = sourcecode.swift; path = MyAppTests.swift; sourceTree = "<group>"; };
		E34B0DD91EF2520C0025ABAF /* Info.plist */ = {isa = PBXFileReference; lastKnownFileType = text.plist.xml; path = Info.plist; sourceTree = "<group>"; };
		E34B0DDE1EF2520C0025ABAF /* MyAppUITests.xctest */ = {isa = PBXFileReference; explicitFileType = wrapper.cfbundle; includeInIndex = 0; path = MyAppUITests.xctest; sourceTree = BUILT_PRODUCTS_DIR; };
		E34B0DE21EF2520C0025ABAF /* MyAppUITests.swift */ = {isa = PBXFileReference; lastKnownFileType = sourcecode.swift; path = MyAppUITests.swift; sourceTree = "<group>"; };
		E34B0DE41EF2520C0025ABAF /* Info.plist */ = {isa = PBXFileReference; lastKnownFileType = text.plist.xml; path = Info.plist; sourceTree = "<group>"; };
		E37BEB311F08194D0045E9DD /* UserDefaults+Extensions.swift */ = {isa = PBXFileReference; fileEncoding = 4; lastKnownFileType = sourcecode.swift; path = "UserDefaults+Extensions.swift"; sourceTree = "<group>"; };
		E37BEB351F08199B0045E9DD /* Item.swift */ = {isa = PBXFileReference; fileEncoding = 4; lastKnownFileType = sourcecode.swift; path = Item.swift; sourceTree = "<group>"; };
		E37BEB381F083F140045E9DD /* ItemsListViewController.swift */ = {isa = PBXFileReference; fileEncoding = 4; lastKnownFileType = sourcecode.swift; path = ItemsListViewController.swift; sourceTree = "<group>"; };
		E37BEB3A1F0865A80045E9DD /* Project.swift */ = {isa = PBXFileReference; fileEncoding = 4; lastKnownFileType = sourcecode.swift; path = Project.swift; sourceTree = "<group>"; };
		E37BEB3C1F0865D80045E9DD /* User.swift */ = {isa = PBXFileReference; fileEncoding = 4; lastKnownFileType = sourcecode.swift; path = User.swift; sourceTree = "<group>"; };
/* End PBXFileReference section */

/* Begin PBXFrameworksBuildPhase section */
		E34B0DBC1EF2520C0025ABAF /* Frameworks */ = {
			isa = PBXFrameworksBuildPhase;
			buildActionMask = 2147483647;
			files = (
				33F92F8EDA8C171F8C93FAEB /* Pods_MyApp.framework in Frameworks */,
			);
			runOnlyForDeploymentPostprocessing = 0;
		};
		E34B0DD01EF2520C0025ABAF /* Frameworks */ = {
			isa = PBXFrameworksBuildPhase;
			buildActionMask = 2147483647;
			files = (
				E685B699ED0345276B241C76 /* Pods_MyAppTests.framework in Frameworks */,
			);
			runOnlyForDeploymentPostprocessing = 0;
		};
		E34B0DDB1EF2520C0025ABAF /* Frameworks */ = {
			isa = PBXFrameworksBuildPhase;
			buildActionMask = 2147483647;
			files = (
				D786D7B469DA726C8418EFA4 /* Pods_MyAppUITests.framework in Frameworks */,
			);
			runOnlyForDeploymentPostprocessing = 0;
		};
/* End PBXFrameworksBuildPhase section */

/* Begin PBXGroup section */
		68B0F2A6DB74E8ED35BED185 /* Frameworks */ = {
			isa = PBXGroup;
			children = (
				0B47339B8218B1553E3B274D /* Pods_MyApp.framework */,
				9C8166B9AC485B92E74FBFFC /* Pods_MyAppTests.framework */,
				A832B571DD039D575286B8C6 /* Pods_MyAppUITests.framework */,
			);
			name = Frameworks;
			sourceTree = "<group>";
		};
		82607B4D5E5FA39C91F3EC56 /* Pods */ = {
			isa = PBXGroup;
			children = (
				9018727C4AABFF0C4383EEDF /* Pods-MyApp.debug.xcconfig */,
				633248DE0DE6A0CBCB51D1C8 /* Pods-MyApp.release.xcconfig */,
				4D625B5C79B9B628776D5443 /* Pods-MyAppTests.debug.xcconfig */,
				849E11739BA66C76D7983BE0 /* Pods-MyAppTests.release.xcconfig */,
				A72754AA28E2060737A81F38 /* Pods-MyAppUITests.debug.xcconfig */,
				8895819F9FC5616634B2DB8C /* Pods-MyAppUITests.release.xcconfig */,
			);
			name = Pods;
			sourceTree = "<group>";
		};
		E34B0DB61EF2520C0025ABAF = {
			isa = PBXGroup;
			children = (
				E34B0DC11EF2520C0025ABAF /* MyApp */,
				E34B0DD61EF2520C0025ABAF /* MyAppTests */,
				E34B0DE11EF2520C0025ABAF /* MyAppUITests */,
				E34B0DC01EF2520C0025ABAF /* Products */,
				82607B4D5E5FA39C91F3EC56 /* Pods */,
				68B0F2A6DB74E8ED35BED185 /* Frameworks */,
			);
			sourceTree = "<group>";
		};
		E34B0DC01EF2520C0025ABAF /* Products */ = {
			isa = PBXGroup;
			children = (
				E34B0DBF1EF2520C0025ABAF /* MyApp.app */,
				E34B0DD31EF2520C0025ABAF /* MyAppTests.xctest */,
				E34B0DDE1EF2520C0025ABAF /* MyAppUITests.xctest */,
			);
			name = Products;
			sourceTree = "<group>";
		};
		E34B0DC11EF2520C0025ABAF /* MyApp */ = {
			isa = PBXGroup;
			children = (
				E37BEB331F08197B0045E9DD /* Models */,
				E34B0DC21EF2520C0025ABAF /* AppDelegate.swift */,
				E37BEB341F08197F0045E9DD /* ViewControllers */,
				E34B0DC91EF2520C0025ABAF /* Assets.xcassets */,
				E34B0DCB1EF2520C0025ABAF /* LaunchScreen.storyboard */,
				E34B0DCE1EF2520C0025ABAF /* Info.plist */,
				E37BEB371F081A3F0045E9DD /* Utils */,
			);
			path = MyApp;
			sourceTree = "<group>";
		};
		E34B0DD61EF2520C0025ABAF /* MyAppTests */ = {
			isa = PBXGroup;
			children = (
				E34B0DD71EF2520C0025ABAF /* MyAppTests.swift */,
				E34B0DD91EF2520C0025ABAF /* Info.plist */,
			);
			path = MyAppTests;
			sourceTree = "<group>";
		};
		E34B0DE11EF2520C0025ABAF /* MyAppUITests */ = {
			isa = PBXGroup;
			children = (
				E34B0DE21EF2520C0025ABAF /* MyAppUITests.swift */,
				E34B0DE41EF2520C0025ABAF /* Info.plist */,
			);
			path = MyAppUITests;
			sourceTree = "<group>";
		};
		E37BEB331F08197B0045E9DD /* Models */ = {
			isa = PBXGroup;
			children = (
				E37BEB351F08199B0045E9DD /* Item.swift */,
				E37BEB3A1F0865A80045E9DD /* Project.swift */,
				E37BEB3C1F0865D80045E9DD /* User.swift */,
			);
			name = Models;
			sourceTree = "<group>";
		};
		E37BEB341F08197F0045E9DD /* ViewControllers */ = {
			isa = PBXGroup;
			children = (
				E34B0DC41EF2520C0025ABAF /* LoginViewController.swift */,
				E37BEB381F083F140045E9DD /* ItemsListViewController.swift */,
			);
			name = ViewControllers;
			sourceTree = "<group>";
		};
		E37BEB371F081A3F0045E9DD /* Utils */ = {
			isa = PBXGroup;
			children = (
				E37BEB311F08194D0045E9DD /* UserDefaults+Extensions.swift */,
			);
			name = Utils;
			sourceTree = "<group>";
		};
/* End PBXGroup section */

/* Begin PBXNativeTarget section */
		E34B0DBE1EF2520C0025ABAF /* MyApp */ = {
			isa = PBXNativeTarget;
			buildConfigurationList = E34B0DE71EF2520C0025ABAF /* Build configuration list for PBXNativeTarget "MyApp" */;
			buildPhases = (
				AFDF13A42E554D4D371FF92D /* [CP] Check Pods Manifest.lock */,
				E34B0DBB1EF2520C0025ABAF /* Sources */,
				E34B0DBC1EF2520C0025ABAF /* Frameworks */,
				E34B0DBD1EF2520C0025ABAF /* Resources */,
				243A61B3BF06E717476AE8B9 /* [CP] Embed Pods Frameworks */,
				320A8D22D6AAED6C04AD4332 /* [CP] Copy Pods Resources */,
			);
			buildRules = (
			);
			dependencies = (
			);
			name = MyApp;
			productName = MyApp;
			productReference = E34B0DBF1EF2520C0025ABAF /* MyApp.app */;
			productType = "com.apple.product-type.application";
		};
		E34B0DD21EF2520C0025ABAF /* MyAppTests */ = {
			isa = PBXNativeTarget;
			buildConfigurationList = E34B0DEA1EF2520C0025ABAF /* Build configuration list for PBXNativeTarget "MyAppTests" */;
			buildPhases = (
				0D35358C92EC4E4C03374EDB /* [CP] Check Pods Manifest.lock */,
				E34B0DCF1EF2520C0025ABAF /* Sources */,
				E34B0DD01EF2520C0025ABAF /* Frameworks */,
				E34B0DD11EF2520C0025ABAF /* Resources */,
				A302982AEFA203CEBE74C8BE /* [CP] Embed Pods Frameworks */,
				D2DF24BE1456F3FA425E86F3 /* [CP] Copy Pods Resources */,
			);
			buildRules = (
			);
			dependencies = (
				E34B0DD51EF2520C0025ABAF /* PBXTargetDependency */,
			);
			name = MyAppTests;
			productName = MyAppTests;
			productReference = E34B0DD31EF2520C0025ABAF /* MyAppTests.xctest */;
			productType = "com.apple.product-type.bundle.unit-test";
		};
		E34B0DDD1EF2520C0025ABAF /* MyAppUITests */ = {
			isa = PBXNativeTarget;
			buildConfigurationList = E34B0DED1EF2520C0025ABAF /* Build configuration list for PBXNativeTarget "MyAppUITests" */;
			buildPhases = (
				765FFB10026EA631F5908B52 /* [CP] Check Pods Manifest.lock */,
				E34B0DDA1EF2520C0025ABAF /* Sources */,
				E34B0DDB1EF2520C0025ABAF /* Frameworks */,
				E34B0DDC1EF2520C0025ABAF /* Resources */,
				10D4A84DBC0419D79395C30B /* [CP] Embed Pods Frameworks */,
				0B3B0F3ED2A255363EF93BC6 /* [CP] Copy Pods Resources */,
			);
			buildRules = (
			);
			dependencies = (
				E34B0DE01EF2520C0025ABAF /* PBXTargetDependency */,
			);
			name = MyAppUITests;
			productName = MyAppUITests;
			productReference = E34B0DDE1EF2520C0025ABAF /* MyAppUITests.xctest */;
			productType = "com.apple.product-type.bundle.ui-testing";
		};
/* End PBXNativeTarget section */

/* Begin PBXProject section */
		E34B0DB71EF2520C0025ABAF /* Project object */ = {
			isa = PBXProject;
			attributes = {
				LastSwiftUpdateCheck = 0830;
				LastUpgradeCheck = 0830;
				ORGANIZATIONNAME = "Maximilian Alexander";
				TargetAttributes = {
					E34B0DBE1EF2520C0025ABAF = {
						CreatedOnToolsVersion = 8.3.2;
						ProvisioningStyle = Automatic;
					};
					E34B0DD21EF2520C0025ABAF = {
						CreatedOnToolsVersion = 8.3.2;
						ProvisioningStyle = Automatic;
						TestTargetID = E34B0DBE1EF2520C0025ABAF;
					};
					E34B0DDD1EF2520C0025ABAF = {
						CreatedOnToolsVersion = 8.3.2;
						ProvisioningStyle = Automatic;
						TestTargetID = E34B0DBE1EF2520C0025ABAF;
					};
				};
			};
			buildConfigurationList = E34B0DBA1EF2520C0025ABAF /* Build configuration list for PBXProject "MyApp" */;
			compatibilityVersion = "Xcode 3.2";
			developmentRegion = English;
			hasScannedForEncodings = 0;
			knownRegions = (
				en,
				Base,
			);
			mainGroup = E34B0DB61EF2520C0025ABAF;
			productRefGroup = E34B0DC01EF2520C0025ABAF /* Products */;
			projectDirPath = "";
			projectRoot = "";
			targets = (
				E34B0DBE1EF2520C0025ABAF /* MyApp */,
				E34B0DD21EF2520C0025ABAF /* MyAppTests */,
				E34B0DDD1EF2520C0025ABAF /* MyAppUITests */,
			);
		};
/* End PBXProject section */

/* Begin PBXResourcesBuildPhase section */
		E34B0DBD1EF2520C0025ABAF /* Resources */ = {
			isa = PBXResourcesBuildPhase;
			buildActionMask = 2147483647;
			files = (
				E34B0DCD1EF2520C0025ABAF /* LaunchScreen.storyboard in Resources */,
				E34B0DCA1EF2520C0025ABAF /* Assets.xcassets in Resources */,
			);
			runOnlyForDeploymentPostprocessing = 0;
		};
		E34B0DD11EF2520C0025ABAF /* Resources */ = {
			isa = PBXResourcesBuildPhase;
			buildActionMask = 2147483647;
			files = (
			);
			runOnlyForDeploymentPostprocessing = 0;
		};
		E34B0DDC1EF2520C0025ABAF /* Resources */ = {
			isa = PBXResourcesBuildPhase;
			buildActionMask = 2147483647;
			files = (
			);
			runOnlyForDeploymentPostprocessing = 0;
		};
/* End PBXResourcesBuildPhase section */

/* Begin PBXShellScriptBuildPhase section */
		0B3B0F3ED2A255363EF93BC6 /* [CP] Copy Pods Resources */ = {
			isa = PBXShellScriptBuildPhase;
			buildActionMask = 2147483647;
			files = (
			);
			inputPaths = (
			);
			name = "[CP] Copy Pods Resources";
			outputPaths = (
			);
			runOnlyForDeploymentPostprocessing = 0;
			shellPath = /bin/sh;
			shellScript = "\"${SRCROOT}/Pods/Target Support Files/Pods-MyAppUITests/Pods-MyAppUITests-resources.sh\"\n";
			showEnvVarsInLog = 0;
		};
		0D35358C92EC4E4C03374EDB /* [CP] Check Pods Manifest.lock */ = {
			isa = PBXShellScriptBuildPhase;
			buildActionMask = 2147483647;
			files = (
			);
			inputPaths = (
			);
			name = "[CP] Check Pods Manifest.lock";
			outputPaths = (
			);
			runOnlyForDeploymentPostprocessing = 0;
			shellPath = /bin/sh;
			shellScript = "diff \"${PODS_PODFILE_DIR_PATH}/Podfile.lock\" \"${PODS_ROOT}/Manifest.lock\" > /dev/null\nif [ $? != 0 ] ; then\n    # print error to STDERR\n    echo \"error: The sandbox is not in sync with the Podfile.lock. Run 'pod install' or update your CocoaPods installation.\" >&2\n    exit 1\nfi\n";
			showEnvVarsInLog = 0;
		};
		10D4A84DBC0419D79395C30B /* [CP] Embed Pods Frameworks */ = {
			isa = PBXShellScriptBuildPhase;
			buildActionMask = 2147483647;
			files = (
			);
			inputPaths = (
			);
			name = "[CP] Embed Pods Frameworks";
			outputPaths = (
			);
			runOnlyForDeploymentPostprocessing = 0;
			shellPath = /bin/sh;
			shellScript = "\"${SRCROOT}/Pods/Target Support Files/Pods-MyAppUITests/Pods-MyAppUITests-frameworks.sh\"\n";
			showEnvVarsInLog = 0;
		};
		243A61B3BF06E717476AE8B9 /* [CP] Embed Pods Frameworks */ = {
			isa = PBXShellScriptBuildPhase;
			buildActionMask = 2147483647;
			files = (
			);
			inputPaths = (
			);
			name = "[CP] Embed Pods Frameworks";
			outputPaths = (
			);
			runOnlyForDeploymentPostprocessing = 0;
			shellPath = /bin/sh;
			shellScript = "\"${SRCROOT}/Pods/Target Support Files/Pods-MyApp/Pods-MyApp-frameworks.sh\"\n";
			showEnvVarsInLog = 0;
		};
		320A8D22D6AAED6C04AD4332 /* [CP] Copy Pods Resources */ = {
			isa = PBXShellScriptBuildPhase;
			buildActionMask = 2147483647;
			files = (
			);
			inputPaths = (
			);
			name = "[CP] Copy Pods Resources";
			outputPaths = (
			);
			runOnlyForDeploymentPostprocessing = 0;
			shellPath = /bin/sh;
			shellScript = "\"${SRCROOT}/Pods/Target Support Files/Pods-MyApp/Pods-MyApp-resources.sh\"\n";
			showEnvVarsInLog = 0;
		};
		765FFB10026EA631F5908B52 /* [CP] Check Pods Manifest.lock */ = {
			isa = PBXShellScriptBuildPhase;
			buildActionMask = 2147483647;
			files = (
			);
			inputPaths = (
			);
			name = "[CP] Check Pods Manifest.lock";
			outputPaths = (
			);
			runOnlyForDeploymentPostprocessing = 0;
			shellPath = /bin/sh;
			shellScript = "diff \"${PODS_PODFILE_DIR_PATH}/Podfile.lock\" \"${PODS_ROOT}/Manifest.lock\" > /dev/null\nif [ $? != 0 ] ; then\n    # print error to STDERR\n    echo \"error: The sandbox is not in sync with the Podfile.lock. Run 'pod install' or update your CocoaPods installation.\" >&2\n    exit 1\nfi\n";
			showEnvVarsInLog = 0;
		};
		A302982AEFA203CEBE74C8BE /* [CP] Embed Pods Frameworks */ = {
			isa = PBXShellScriptBuildPhase;
			buildActionMask = 2147483647;
			files = (
			);
			inputPaths = (
			);
			name = "[CP] Embed Pods Frameworks";
			outputPaths = (
			);
			runOnlyForDeploymentPostprocessing = 0;
			shellPath = /bin/sh;
			shellScript = "\"${SRCROOT}/Pods/Target Support Files/Pods-MyAppTests/Pods-MyAppTests-frameworks.sh\"\n";
			showEnvVarsInLog = 0;
		};
		AFDF13A42E554D4D371FF92D /* [CP] Check Pods Manifest.lock */ = {
			isa = PBXShellScriptBuildPhase;
			buildActionMask = 2147483647;
			files = (
			);
			inputPaths = (
			);
			name = "[CP] Check Pods Manifest.lock";
			outputPaths = (
			);
			runOnlyForDeploymentPostprocessing = 0;
			shellPath = /bin/sh;
			shellScript = "diff \"${PODS_PODFILE_DIR_PATH}/Podfile.lock\" \"${PODS_ROOT}/Manifest.lock\" > /dev/null\nif [ $? != 0 ] ; then\n    # print error to STDERR\n    echo \"error: The sandbox is not in sync with the Podfile.lock. Run 'pod install' or update your CocoaPods installation.\" >&2\n    exit 1\nfi\n";
			showEnvVarsInLog = 0;
		};
		D2DF24BE1456F3FA425E86F3 /* [CP] Copy Pods Resources */ = {
			isa = PBXShellScriptBuildPhase;
			buildActionMask = 2147483647;
			files = (
			);
			inputPaths = (
			);
			name = "[CP] Copy Pods Resources";
			outputPaths = (
			);
			runOnlyForDeploymentPostprocessing = 0;
			shellPath = /bin/sh;
			shellScript = "\"${SRCROOT}/Pods/Target Support Files/Pods-MyAppTests/Pods-MyAppTests-resources.sh\"\n";
			showEnvVarsInLog = 0;
		};
/* End PBXShellScriptBuildPhase section */

/* Begin PBXSourcesBuildPhase section */
		E34B0DBB1EF2520C0025ABAF /* Sources */ = {
			isa = PBXSourcesBuildPhase;
			buildActionMask = 2147483647;
			files = (
				E37BEB361F08199B0045E9DD /* Item.swift in Sources */,
				E34B0DC51EF2520C0025ABAF /* LoginViewController.swift in Sources */,
				E37BEB391F083F140045E9DD /* ItemsListViewController.swift in Sources */,
				E37BEB321F08194D0045E9DD /* UserDefaults+Extensions.swift in Sources */,
				E34B0DC31EF2520C0025ABAF /* AppDelegate.swift in Sources */,
				E37BEB3B1F0865A80045E9DD /* Project.swift in Sources */,
				E37BEB3D1F0865D80045E9DD /* User.swift in Sources */,
			);
			runOnlyForDeploymentPostprocessing = 0;
		};
		E34B0DCF1EF2520C0025ABAF /* Sources */ = {
			isa = PBXSourcesBuildPhase;
			buildActionMask = 2147483647;
			files = (
				E34B0DD81EF2520C0025ABAF /* MyAppTests.swift in Sources */,
			);
			runOnlyForDeploymentPostprocessing = 0;
		};
		E34B0DDA1EF2520C0025ABAF /* Sources */ = {
			isa = PBXSourcesBuildPhase;
			buildActionMask = 2147483647;
			files = (
				E34B0DE31EF2520C0025ABAF /* MyAppUITests.swift in Sources */,
			);
			runOnlyForDeploymentPostprocessing = 0;
		};
/* End PBXSourcesBuildPhase section */

/* Begin PBXTargetDependency section */
		E34B0DD51EF2520C0025ABAF /* PBXTargetDependency */ = {
			isa = PBXTargetDependency;
			target = E34B0DBE1EF2520C0025ABAF /* MyApp */;
			targetProxy = E34B0DD41EF2520C0025ABAF /* PBXContainerItemProxy */;
		};
		E34B0DE01EF2520C0025ABAF /* PBXTargetDependency */ = {
			isa = PBXTargetDependency;
			target = E34B0DBE1EF2520C0025ABAF /* MyApp */;
			targetProxy = E34B0DDF1EF2520C0025ABAF /* PBXContainerItemProxy */;
		};
/* End PBXTargetDependency section */

/* Begin PBXVariantGroup section */
		E34B0DCB1EF2520C0025ABAF /* LaunchScreen.storyboard */ = {
			isa = PBXVariantGroup;
			children = (
				E34B0DCC1EF2520C0025ABAF /* Base */,
			);
			name = LaunchScreen.storyboard;
			sourceTree = "<group>";
		};
/* End PBXVariantGroup section */

/* Begin XCBuildConfiguration section */
		E34B0DE51EF2520C0025ABAF /* Debug */ = {
			isa = XCBuildConfiguration;
			buildSettings = {
				ALWAYS_SEARCH_USER_PATHS = NO;
				CLANG_ANALYZER_NONNULL = YES;
				CLANG_ANALYZER_NUMBER_OBJECT_CONVERSION = YES_AGGRESSIVE;
				CLANG_CXX_LANGUAGE_STANDARD = "gnu++0x";
				CLANG_CXX_LIBRARY = "libc++";
				CLANG_ENABLE_MODULES = YES;
				CLANG_ENABLE_OBJC_ARC = YES;
				CLANG_WARN_BOOL_CONVERSION = YES;
				CLANG_WARN_CONSTANT_CONVERSION = YES;
				CLANG_WARN_DIRECT_OBJC_ISA_USAGE = YES_ERROR;
				CLANG_WARN_DOCUMENTATION_COMMENTS = YES;
				CLANG_WARN_EMPTY_BODY = YES;
				CLANG_WARN_ENUM_CONVERSION = YES;
				CLANG_WARN_INFINITE_RECURSION = YES;
				CLANG_WARN_INT_CONVERSION = YES;
				CLANG_WARN_OBJC_ROOT_CLASS = YES_ERROR;
				CLANG_WARN_SUSPICIOUS_MOVE = YES;
				CLANG_WARN_UNREACHABLE_CODE = YES;
				CLANG_WARN__DUPLICATE_METHOD_MATCH = YES;
				"CODE_SIGN_IDENTITY[sdk=iphoneos*]" = "iPhone Developer";
				COPY_PHASE_STRIP = NO;
				DEBUG_INFORMATION_FORMAT = dwarf;
				ENABLE_STRICT_OBJC_MSGSEND = YES;
				ENABLE_TESTABILITY = YES;
				GCC_C_LANGUAGE_STANDARD = gnu99;
				GCC_DYNAMIC_NO_PIC = NO;
				GCC_NO_COMMON_BLOCKS = YES;
				GCC_OPTIMIZATION_LEVEL = 0;
				GCC_PREPROCESSOR_DEFINITIONS = (
					"DEBUG=1",
					"$(inherited)",
				);
				GCC_WARN_64_TO_32_BIT_CONVERSION = YES;
				GCC_WARN_ABOUT_RETURN_TYPE = YES_ERROR;
				GCC_WARN_UNDECLARED_SELECTOR = YES;
				GCC_WARN_UNINITIALIZED_AUTOS = YES_AGGRESSIVE;
				GCC_WARN_UNUSED_FUNCTION = YES;
				GCC_WARN_UNUSED_VARIABLE = YES;
				IPHONEOS_DEPLOYMENT_TARGET = 10.3;
				MTL_ENABLE_DEBUG_INFO = YES;
				ONLY_ACTIVE_ARCH = YES;
				SDKROOT = iphoneos;
				SWIFT_ACTIVE_COMPILATION_CONDITIONS = DEBUG;
				SWIFT_OPTIMIZATION_LEVEL = "-Onone";
				TARGETED_DEVICE_FAMILY = "1,2";
			};
			name = Debug;
		};
		E34B0DE61EF2520C0025ABAF /* Release */ = {
			isa = XCBuildConfiguration;
			buildSettings = {
				ALWAYS_SEARCH_USER_PATHS = NO;
				CLANG_ANALYZER_NONNULL = YES;
				CLANG_ANALYZER_NUMBER_OBJECT_CONVERSION = YES_AGGRESSIVE;
				CLANG_CXX_LANGUAGE_STANDARD = "gnu++0x";
				CLANG_CXX_LIBRARY = "libc++";
				CLANG_ENABLE_MODULES = YES;
				CLANG_ENABLE_OBJC_ARC = YES;
				CLANG_WARN_BOOL_CONVERSION = YES;
				CLANG_WARN_CONSTANT_CONVERSION = YES;
				CLANG_WARN_DIRECT_OBJC_ISA_USAGE = YES_ERROR;
				CLANG_WARN_DOCUMENTATION_COMMENTS = YES;
				CLANG_WARN_EMPTY_BODY = YES;
				CLANG_WARN_ENUM_CONVERSION = YES;
				CLANG_WARN_INFINITE_RECURSION = YES;
				CLANG_WARN_INT_CONVERSION = YES;
				CLANG_WARN_OBJC_ROOT_CLASS = YES_ERROR;
				CLANG_WARN_SUSPICIOUS_MOVE = YES;
				CLANG_WARN_UNREACHABLE_CODE = YES;
				CLANG_WARN__DUPLICATE_METHOD_MATCH = YES;
				"CODE_SIGN_IDENTITY[sdk=iphoneos*]" = "iPhone Developer";
				COPY_PHASE_STRIP = NO;
				DEBUG_INFORMATION_FORMAT = "dwarf-with-dsym";
				ENABLE_NS_ASSERTIONS = NO;
				ENABLE_STRICT_OBJC_MSGSEND = YES;
				GCC_C_LANGUAGE_STANDARD = gnu99;
				GCC_NO_COMMON_BLOCKS = YES;
				GCC_WARN_64_TO_32_BIT_CONVERSION = YES;
				GCC_WARN_ABOUT_RETURN_TYPE = YES_ERROR;
				GCC_WARN_UNDECLARED_SELECTOR = YES;
				GCC_WARN_UNINITIALIZED_AUTOS = YES_AGGRESSIVE;
				GCC_WARN_UNUSED_FUNCTION = YES;
				GCC_WARN_UNUSED_VARIABLE = YES;
				IPHONEOS_DEPLOYMENT_TARGET = 10.3;
				MTL_ENABLE_DEBUG_INFO = NO;
				SDKROOT = iphoneos;
				SWIFT_OPTIMIZATION_LEVEL = "-Owholemodule";
				TARGETED_DEVICE_FAMILY = "1,2";
				VALIDATE_PRODUCT = YES;
			};
			name = Release;
		};
		E34B0DE81EF2520C0025ABAF /* Debug */ = {
			isa = XCBuildConfiguration;
			baseConfigurationReference = 9018727C4AABFF0C4383EEDF /* Pods-MyApp.debug.xcconfig */;
			buildSettings = {
				ASSETCATALOG_COMPILER_APPICON_NAME = AppIcon;
				INFOPLIST_FILE = MyApp/Info.plist;
				IPHONEOS_DEPLOYMENT_TARGET = 10.0;
				LD_RUNPATH_SEARCH_PATHS = "$(inherited) @executable_path/Frameworks";
				PRODUCT_BUNDLE_IDENTIFIER = com.mycompany.MyApp;
				PRODUCT_NAME = "$(TARGET_NAME)";
				SWIFT_VERSION = 3.0;
			};
			name = Debug;
		};
		E34B0DE91EF2520C0025ABAF /* Release */ = {
			isa = XCBuildConfiguration;
			baseConfigurationReference = 633248DE0DE6A0CBCB51D1C8 /* Pods-MyApp.release.xcconfig */;
			buildSettings = {
				ASSETCATALOG_COMPILER_APPICON_NAME = AppIcon;
				INFOPLIST_FILE = MyApp/Info.plist;
				IPHONEOS_DEPLOYMENT_TARGET = 10.0;
				LD_RUNPATH_SEARCH_PATHS = "$(inherited) @executable_path/Frameworks";
				PRODUCT_BUNDLE_IDENTIFIER = com.mycompany.MyApp;
				PRODUCT_NAME = "$(TARGET_NAME)";
				SWIFT_VERSION = 3.0;
			};
			name = Release;
		};
		E34B0DEB1EF2520C0025ABAF /* Debug */ = {
			isa = XCBuildConfiguration;
			baseConfigurationReference = 4D625B5C79B9B628776D5443 /* Pods-MyAppTests.debug.xcconfig */;
			buildSettings = {
				ALWAYS_EMBED_SWIFT_STANDARD_LIBRARIES = YES;
				BUNDLE_LOADER = "$(TEST_HOST)";
				INFOPLIST_FILE = MyAppTests/Info.plist;
				LD_RUNPATH_SEARCH_PATHS = "$(inherited) @executable_path/Frameworks @loader_path/Frameworks";
				PRODUCT_BUNDLE_IDENTIFIER = com.mycompany.MyAppTests;
				PRODUCT_NAME = "$(TARGET_NAME)";
				SWIFT_VERSION = 3.0;
				TEST_HOST = "$(BUILT_PRODUCTS_DIR)/MyApp.app/MyApp";
			};
			name = Debug;
		};
		E34B0DEC1EF2520C0025ABAF /* Release */ = {
			isa = XCBuildConfiguration;
			baseConfigurationReference = 849E11739BA66C76D7983BE0 /* Pods-MyAppTests.release.xcconfig */;
			buildSettings = {
				ALWAYS_EMBED_SWIFT_STANDARD_LIBRARIES = YES;
				BUNDLE_LOADER = "$(TEST_HOST)";
				INFOPLIST_FILE = MyAppTests/Info.plist;
				LD_RUNPATH_SEARCH_PATHS = "$(inherited) @executable_path/Frameworks @loader_path/Frameworks";
				PRODUCT_BUNDLE_IDENTIFIER = com.mycompany.MyAppTests;
				PRODUCT_NAME = "$(TARGET_NAME)";
				SWIFT_VERSION = 3.0;
				TEST_HOST = "$(BUILT_PRODUCTS_DIR)/MyApp.app/MyApp";
			};
			name = Release;
		};
		E34B0DEE1EF2520C0025ABAF /* Debug */ = {
			isa = XCBuildConfiguration;
			baseConfigurationReference = A72754AA28E2060737A81F38 /* Pods-MyAppUITests.debug.xcconfig */;
			buildSettings = {
				ALWAYS_EMBED_SWIFT_STANDARD_LIBRARIES = YES;
				INFOPLIST_FILE = MyAppUITests/Info.plist;
				LD_RUNPATH_SEARCH_PATHS = "$(inherited) @executable_path/Frameworks @loader_path/Frameworks";
				PRODUCT_BUNDLE_IDENTIFIER = com.mycompany.MyAppUITests;
				PRODUCT_NAME = "$(TARGET_NAME)";
				SWIFT_VERSION = 3.0;
				TEST_TARGET_NAME = MyApp;
			};
			name = Debug;
		};
		E34B0DEF1EF2520C0025ABAF /* Release */ = {
			isa = XCBuildConfiguration;
			baseConfigurationReference = 8895819F9FC5616634B2DB8C /* Pods-MyAppUITests.release.xcconfig */;
			buildSettings = {
				ALWAYS_EMBED_SWIFT_STANDARD_LIBRARIES = YES;
				INFOPLIST_FILE = MyAppUITests/Info.plist;
				LD_RUNPATH_SEARCH_PATHS = "$(inherited) @executable_path/Frameworks @loader_path/Frameworks";
				PRODUCT_BUNDLE_IDENTIFIER = com.mycompany.MyAppUITests;
				PRODUCT_NAME = "$(TARGET_NAME)";
				SWIFT_VERSION = 3.0;
				TEST_TARGET_NAME = MyApp;
			};
			name = Release;
		};
/* End XCBuildConfiguration section */

/* Begin XCConfigurationList section */
		E34B0DBA1EF2520C0025ABAF /* Build configuration list for PBXProject "MyApp" */ = {
			isa = XCConfigurationList;
			buildConfigurations = (
				E34B0DE51EF2520C0025ABAF /* Debug */,
				E34B0DE61EF2520C0025ABAF /* Release */,
			);
			defaultConfigurationIsVisible = 0;
			defaultConfigurationName = Release;
		};
		E34B0DE71EF2520C0025ABAF /* Build configuration list for PBXNativeTarget "MyApp" */ = {
			isa = XCConfigurationList;
			buildConfigurations = (
				E34B0DE81EF2520C0025ABAF /* Debug */,
				E34B0DE91EF2520C0025ABAF /* Release */,
			);
			defaultConfigurationIsVisible = 0;
			defaultConfigurationName = Release;
		};
		E34B0DEA1EF2520C0025ABAF /* Build configuration list for PBXNativeTarget "MyAppTests" */ = {
			isa = XCConfigurationList;
			buildConfigurations = (
				E34B0DEB1EF2520C0025ABAF /* Debug */,
				E34B0DEC1EF2520C0025ABAF /* Release */,
			);
			defaultConfigurationIsVisible = 0;
			defaultConfigurationName = Release;
		};
		E34B0DED1EF2520C0025ABAF /* Build configuration list for PBXNativeTarget "MyAppUITests" */ = {
			isa = XCConfigurationList;
			buildConfigurations = (
				E34B0DEE1EF2520C0025ABAF /* Debug */,
				E34B0DEF1EF2520C0025ABAF /* Release */,
			);
			defaultConfigurationIsVisible = 0;
			defaultConfigurationName = Release;
		};
/* End XCConfigurationList section */
	};
	rootObject = E34B0DB71EF2520C0025ABAF /* Project object */;
}
